
Microsoft Visual Studio Solution File, Format Version 12.00
# Visual Studio Version 17
VisualStudioVersion = 17.7.34031.279
MinimumVisualStudioVersion = 10.0.40219.1
Project("{FAE04EC0-301F-11D3-BF4B-00C04F79EFBC}") = "kutuphane vt", "kutuphane vt\kutuphane vt.csproj", "{4AEAF2CE-4CD0-46FC-B382-A4291B8880B6}"
EndProject
Global
	GlobalSection(SolutionConfigurationPlatforms) = preSolution
		Debug|Any CPU = Debug|Any CPU
		Release|Any CPU = Release|Any CPU
	EndGlobalSection
	GlobalSection(ProjectConfigurationPlatforms) = postSolution
		{4AEAF2CE-4CD0-46FC-B382-A4291B8880B6}.Debug|Any CPU.ActiveCfg = Debug|Any CPU
		{4AEAF2CE-4CD0-46FC-B382-A4291B8880B6}.Debug|Any CPU.Build.0 = Debug|Any CPU
		{4AEAF2CE-4CD0-46FC-B382-A4291B8880B6}.Release|Any CPU.ActiveCfg = Release|Any CPU
		{4AEAF2CE-4CD0-46FC-B382-A4291B8880B6}.Release|Any CPU.Build.0 = Release|Any CPU
	EndGlobalSection
	GlobalSection(SolutionProperties) = preSolution
		HideSolutionNode = FALSE
	EndGlobalSection
	GlobalSection(ExtensibilityGlobals) = postSolution
		SolutionGuid = {0B568C63-BE6D-44E6-86A3-B135D5DDD0F7}
	EndGlobalSection
EndGlobal
